
Microsoft Visual Studio Solution File, Format Version 12.00
# Visual Studio Version 16
VisualStudioVersion = 16.0.30114.105
MinimumVisualStudioVersion = 10.0.40219.1
Project("{FAE04EC0-301F-11D3-BF4B-00C04F79EFBC}") = "Kolokwium cs", "Kolokwium cs\Kolokwium cs.csproj", "{B28D66E8-4C2E-43B2-8F3D-5743F6312124}"
EndProject
Global
	GlobalSection(SolutionConfigurationPlatforms) = preSolution
		Debug|Any CPU = Debug|Any CPU
		Release|Any CPU = Release|Any CPU
	EndGlobalSection
	GlobalSection(ProjectConfigurationPlatforms) = postSolution
		{B28D66E8-4C2E-43B2-8F3D-5743F6312124}.Debug|Any CPU.ActiveCfg = Debug|Any CPU
		{B28D66E8-4C2E-43B2-8F3D-5743F6312124}.Debug|Any CPU.Build.0 = Debug|Any CPU
		{B28D66E8-4C2E-43B2-8F3D-5743F6312124}.Release|Any CPU.ActiveCfg = Release|Any CPU
		{B28D66E8-4C2E-43B2-8F3D-5743F6312124}.Release|Any CPU.Build.0 = Release|Any CPU
	EndGlobalSection
	GlobalSection(SolutionProperties) = preSolution
		HideSolutionNode = FALSE
	EndGlobalSection
	GlobalSection(ExtensibilityGlobals) = postSolution
		SolutionGuid = {958670D6-15A5-4C74-A962-0BD1FECB00E9}
	EndGlobalSection
EndGlobal
